
Microsoft Visual Studio Solution File, Format Version 12.00
# Visual Studio 15
VisualStudioVersion = 15.0.28307.489
MinimumVisualStudioVersion = 10.0.40219.1
Project("{FAE04EC0-301F-11D3-BF4B-00C04F79EFBC}") = "SignalRServer", "SignalRServer\SignalRServer.csproj", "{60F3C0DF-6B57-4283-8A2E-4C78C46DCBFC}"
EndProject
Global
	GlobalSection(SolutionConfigurationPlatforms) = preSolution
		Debug|Any CPU = Debug|Any CPU
		Release|Any CPU = Release|Any CPU
	EndGlobalSection
	GlobalSection(ProjectConfigurationPlatforms) = postSolution
		{60F3C0DF-6B57-4283-8A2E-4C78C46DCBFC}.Debug|Any CPU.ActiveCfg = Debug|Any CPU
		{60F3C0DF-6B57-4283-8A2E-4C78C46DCBFC}.Debug|Any CPU.Build.0 = Debug|Any CPU
		{60F3C0DF-6B57-4283-8A2E-4C78C46DCBFC}.Release|Any CPU.ActiveCfg = Release|Any CPU
		{60F3C0DF-6B57-4283-8A2E-4C78C46DCBFC}.Release|Any CPU.Build.0 = Release|Any CPU
	EndGlobalSection
	GlobalSection(SolutionProperties) = preSolution
		HideSolutionNode = FALSE
	EndGlobalSection
	GlobalSection(ExtensibilityGlobals) = postSolution
		SolutionGuid = {3DD0257B-2E61-4605-A609-8267B56ACE98}
	EndGlobalSection
EndGlobal
